PODS:
  - flutter_desktop_file_manager (0.0.1):
    - FlutterMacOS
  - FlutterMacOS (1.0.0)

DEPENDENCIES:
  - flutter_desktop_file_manager (from `Flutter/ephemeral/.symlinks/plugins/flutter_desktop_file_manager/macos`)
  - FlutterMacOS (from `Flutter/ephemeral`)

EXTERNAL SOURCES:
  flutter_desktop_file_manager:
    :path: Flutter/ephemeral/.symlinks/plugins/flutter_desktop_file_manager/macos
  FlutterMacOS:
    :path: Flutter/ephemeral

SPEC CHECKSUMS:
  flutter_desktop_file_manager: e35dba6f11a6eeaadc3d92b562994c3d2cdcc8dd
  FlutterMacOS: ae6af50a8ea7d6103d888583d46bd8328a7e9811

PODFILE CHECKSUM: 6eac6b3292e5142cfc23bdeb71848a40ec51c14c

COCOAPODS: 1.11.3
