PODS:
  - flutter_desktop_cef_web (0.0.1):
    - FlutterMacOS
  - flutter_desktop_file_manager (0.0.1):
    - FlutterMacOS
  - FlutterMacOS (1.0.0)
  - libdeno_plugin (0.0.1):
    - FlutterMacOS

DEPENDENCIES:
  - flutter_desktop_cef_web (from `Flutter/ephemeral/.symlinks/plugins/flutter_desktop_cef_web/macos`)
  - flutter_desktop_file_manager (from `Flutter/ephemeral/.symlinks/plugins/flutter_desktop_file_manager/macos`)
  - FlutterMacOS (from `Flutter/ephemeral`)
  - libdeno_plugin (from `Flutter/ephemeral/.symlinks/plugins/libdeno_plugin/macos`)

EXTERNAL SOURCES:
  flutter_desktop_cef_web:
    :path: Flutter/ephemeral/.symlinks/plugins/flutter_desktop_cef_web/macos
  flutter_desktop_file_manager:
    :path: Flutter/ephemeral/.symlinks/plugins/flutter_desktop_file_manager/macos
  FlutterMacOS:
    :path: Flutter/ephemeral
  libdeno_plugin:
    :path: Flutter/ephemeral/.symlinks/plugins/libdeno_plugin/macos

SPEC CHECKSUMS:
  flutter_desktop_cef_web: 869a1bb1d3f8748a9043e344e155143339078fe0
  flutter_desktop_file_manager: e35dba6f11a6eeaadc3d92b562994c3d2cdcc8dd
  FlutterMacOS: ae6af50a8ea7d6103d888583d46bd8328a7e9811
  libdeno_plugin: 220f9deb4dfe4065e845db51e1262cf3f31a4440

PODFILE CHECKSUM: 0d3963a09fc94f580682bd88480486da345dc3f0

COCOAPODS: 1.12.1
